// !$*UTF8*$!
{
	archiveVersion = 1;
	classes = {
	};
	objectVersion = 77;
	objects = {

/* Begin PBXContainerItemProxy section */
		3DBC30B32E042C72008D4D14 /* PBXContainerItemProxy */ = {
			isa = PBXContainerItemProxy;
			containerPortal = 3DBC309C2E042C71008D4D14 /* Project object */;
			proxyType = 1;
			remoteGlobalIDString = 3DBC30A32E042C71008D4D14;
			remoteInfo = SampleRateMenuBar;
		};
		3DBC30BD2E042C72008D4D14 /* PBXContainerItemProxy */ = {
			isa = PBXContainerItemProxy;
			containerPortal = 3DBC309C2E042C71008D4D14 /* Project object */;
			proxyType = 1;
			remoteGlobalIDString = 3DBC30A32E042C71008D4D14;
			remoteInfo = SampleRateMenuBar;
		};
/* End PBXContainerItemProxy section */

/* Begin PBXFileReference section */
		3DBC30A42E042C71008D4D14 /* SampleRateMenuBar.app */ = {isa = PBXFileReference; explicitFileType = wrapper.application; includeInIndex = 0; path = SampleRateMenuBar.app; sourceTree = BUILT_PRODUCTS_DIR; };
		3DBC30B22E042C72008D4D14 /* SampleRateMenuBarTests.xctest */ = {isa = PBXFileReference; explicitFileType = wrapper.cfbundle; includeInIndex = 0; path = SampleRateMenuBarTests.xctest; sourceTree = BUILT_PRODUCTS_DIR; };
		3DBC30BC2E042C72008D4D14 /* SampleRateMenuBarUITests.xctest */ = {isa = PBXFileReference; explicitFileType = wrapper.cfbundle; includeInIndex = 0; path = SampleRateMenuBarUITests.xctest; sourceTree = BUILT_PRODUCTS_DIR; };
/* End PBXFileReference section */

/* Begin PBXFileSystemSynchronizedRootGroup section */
		3DBC30A62E042C71008D4D14 /* SampleRateMenuBar */ = {
			isa = PBXFileSystemSynchronizedRootGroup;
			path = SampleRateMenuBar;
			sourceTree = "<group>";
		};
		3DBC30B52E042C72008D4D14 /* SampleRateMenuBarTests */ = {
			isa = PBXFileSystemSynchronizedRootGroup;
			path = SampleRateMenuBarTests;
			sourceTree = "<group>";
		};
		3DBC30BF2E042C72008D4D14 /* SampleRateMenuBarUITests */ = {
			isa = PBXFileSystemSynchronizedRootGroup;
			path = SampleRateMenuBarUITests;
			sourceTree = "<group>";
		};
/* End PBXFileSystemSynchronizedRootGroup section */

/* Begin PBXFrameworksBuildPhase section */
		3DBC30A12E042C71008D4D14 /* Frameworks */ = {
			isa = PBXFrameworksBuildPhase;
			buildActionMask = 2147483647;
			files = (
			);
			runOnlyForDeploymentPostprocessing = 0;
		};
		3DBC30AF2E042C72008D4D14 /* Frameworks */ = {
			isa = PBXFrameworksBuildPhase;
			buildActionMask = 2147483647;
			files = (
			);
			runOnlyForDeploymentPostprocessing = 0;
		};
		3DBC30B92E042C72008D4D14 /* Frameworks */ = {
			isa = PBXFrameworksBuildPhase;
			buildActionMask = 2147483647;
			files = (
			);
			runOnlyForDeploymentPostprocessing = 0;
		};
/* End PBXFrameworksBuildPhase section */

/* Begin PBXGroup section */
		3DBC309B2E042C71008D4D14 = {
			isa = PBXGroup;
			children = (
				3DBC30A62E042C71008D4D14 /* SampleRateMenuBar */,
				3DBC30B52E042C72008D4D14 /* SampleRateMenuBarTests */,
				3DBC30BF2E042C72008D4D14 /* SampleRateMenuBarUITests */,
				3DBC30A52E042C71008D4D14 /* Products */,
			);
			sourceTree = "<group>";
		};
		3DBC30A52E042C71008D4D14 /* Products */ = {
			isa = PBXGroup;
			children = (
				3DBC30A42E042C71008D4D14 /* SampleRateMenuBar.app */,
				3DBC30B22E042C72008D4D14 /* SampleRateMenuBarTests.xctest */,
				3DBC30BC2E042C72008D4D14 /* SampleRateMenuBarUITests.xctest */,
			);
			name = Products;
			sourceTree = "<group>";
		};
/* End PBXGroup section */

/* Begin PBXNativeTarget section */
		3DBC30A32E042C71008D4D14 /* SampleRateMenuBar */ = {
			isa = PBXNativeTarget;
			buildConfigurationList = 3DBC30C62E042C72008D4D14 /* Build configuration list for PBXNativeTarget "SampleRateMenuBar" */;
			buildPhases = (
				3DBC30A02E042C71008D4D14 /* Sources */,
				3DBC30A12E042C71008D4D14 /* Frameworks */,
				3DBC30A22E042C71008D4D14 /* Resources */,
			);
			buildRules = (
			);
			dependencies = (
			);
			fileSystemSynchronizedGroups = (
				3DBC30A62E042C71008D4D14 /* SampleRateMenuBar */,
			);
			name = SampleRateMenuBar;
			packageProductDependencies = (
			);
			productName = SampleRateMenuBar;
			productReference = 3DBC30A42E042C71008D4D14 /* SampleRateMenuBar.app */;
			productType = "com.apple.product-type.application";
		};
		3DBC30B12E042C72008D4D14 /* SampleRateMenuBarTests */ = {
			isa = PBXNativeTarget;
			buildConfigurationList = 3DBC30C92E042C72008D4D14 /* Build configuration list for PBXNativeTarget "SampleRateMenuBarTests" */;
			buildPhases = (
				3DBC30AE2E042C72008D4D14 /* Sources */,
				3DBC30AF2E042C72008D4D14 /* Frameworks */,
				3DBC30B02E042C72008D4D14 /* Resources */,
			);
			buildRules = (
			);
			dependencies = (
				3DBC30B42E042C72008D4D14 /* PBXTargetDependency */,
			);
			fileSystemSynchronizedGroups = (
				3DBC30B52E042C72008D4D14 /* SampleRateMenuBarTests */,
			);
			name = SampleRateMenuBarTests;
			packageProductDependencies = (
			);
			productName = SampleRateMenuBarTests;
			productReference = 3DBC30B22E042C72008D4D14 /* SampleRateMenuBarTests.xctest */;
			productType = "com.apple.product-type.bundle.unit-test";
		};
		3DBC30BB2E042C72008D4D14 /* SampleRateMenuBarUITests */ = {
			isa = PBXNativeTarget;
			buildConfigurationList = 3DBC30CC2E042C72008D4D14 /* Build configuration list for PBXNativeTarget "SampleRateMenuBarUITests" */;
			buildPhases = (
				3DBC30B82E042C72008D4D14 /* Sources */,
				3DBC30B92E042C72008D4D14 /* Frameworks */,
				3DBC30BA2E042C72008D4D14 /* Resources */,
			);
			buildRules = (
			);
			dependencies = (
				3DBC30BE2E042C72008D4D14 /* PBXTargetDependency */,
			);
			fileSystemSynchronizedGroups = (
				3DBC30BF2E042C72008D4D14 /* SampleRateMenuBarUITests */,
			);
			name = SampleRateMenuBarUITests;
			packageProductDependencies = (
			);
			productName = SampleRateMenuBarUITests;
			productReference = 3DBC30BC2E042C72008D4D14 /* SampleRateMenuBarUITests.xctest */;
			productType = "com.apple.product-type.bundle.ui-testing";
		};
/* End PBXNativeTarget section */

/* Begin PBXProject section */
		3DBC309C2E042C71008D4D14 /* Project object */ = {
			isa = PBXProject;
			attributes = {
				BuildIndependentTargetsInParallel = 1;
				LastSwiftUpdateCheck = 1640;
				LastUpgradeCheck = 1640;
				TargetAttributes = {
					3DBC30A32E042C71008D4D14 = {
						CreatedOnToolsVersion = 16.4;
					};
					3DBC30B12E042C72008D4D14 = {
						CreatedOnToolsVersion = 16.4;
						TestTargetID = 3DBC30A32E042C71008D4D14;
					};
					3DBC30BB2E042C72008D4D14 = {
						CreatedOnToolsVersion = 16.4;
						TestTargetID = 3DBC30A32E042C71008D4D14;
					};
				};
			};
			buildConfigurationList = 3DBC309F2E042C71008D4D14 /* Build configuration list for PBXProject "SampleRateMenuBar" */;
			developmentRegion = en;
			hasScannedForEncodings = 0;
			knownRegions = (
				en,
				Base,
			);
			mainGroup = 3DBC309B2E042C71008D4D14;
			minimizedProjectReferenceProxies = 1;
			preferredProjectObjectVersion = 77;
			productRefGroup = 3DBC30A52E042C71008D4D14 /* Products */;
			projectDirPath = "";
			projectRoot = "";
			targets = (
				3DBC30A32E042C71008D4D14 /* SampleRateMenuBar */,
				3DBC30B12E042C72008D4D14 /* SampleRateMenuBarTests */,
				3DBC30BB2E042C72008D4D14 /* SampleRateMenuBarUITests */,
			);
		};
/* End PBXProject section */

/* Begin PBXResourcesBuildPhase section */
		3DBC30A22E042C71008D4D14 /* Resources */ = {
			isa = PBXResourcesBuildPhase;
			buildActionMask = 2147483647;
			files = (
			);
			runOnlyForDeploymentPostprocessing = 0;
		};
		3DBC30B02E042C72008D4D14 /* Resources */ = {
			isa = PBXResourcesBuildPhase;
			buildActionMask = 2147483647;
			files = (
			);
			runOnlyForDeploymentPostprocessing = 0;
		};
		3DBC30BA2E042C72008D4D14 /* Resources */ = {
			isa = PBXResourcesBuildPhase;
			buildActionMask = 2147483647;
			files = (
			);
			runOnlyForDeploymentPostprocessing = 0;
		};
/* End PBXResourcesBuildPhase section */

/* Begin PBXSourcesBuildPhase section */
		3DBC30A02E042C71008D4D14 /* Sources */ = {
			isa = PBXSourcesBuildPhase;
			buildActionMask = 2147483647;
			files = (
			);
			runOnlyForDeploymentPostprocessing = 0;
		};
		3DBC30AE2E042C72008D4D14 /* Sources */ = {
			isa = PBXSourcesBuildPhase;
			buildActionMask = 2147483647;
			files = (
			);
			runOnlyForDeploymentPostprocessing = 0;
		};
		3DBC30B82E042C72008D4D14 /* Sources */ = {
			isa = PBXSourcesBuildPhase;
			buildActionMask = 2147483647;
			files = (
			);
			runOnlyForDeploymentPostprocessing = 0;
		};
/* End PBXSourcesBuildPhase section */

/* Begin PBXTargetDependency section */
		3DBC30B42E042C72008D4D14 /* PBXTargetDependency */ = {
			isa = PBXTargetDependency;
			target = 3DBC30A32E042C71008D4D14 /* SampleRateMenuBar */;
			targetProxy = 3DBC30B32E042C72008D4D14 /* PBXContainerItemProxy */;
		};
		3DBC30BE2E042C72008D4D14 /* PBXTargetDependency */ = {
			isa = PBXTargetDependency;
			target = 3DBC30A32E042C71008D4D14 /* SampleRateMenuBar */;
			targetProxy = 3DBC30BD2E042C72008D4D14 /* PBXContainerItemProxy */;
		};
/* End PBXTargetDependency section */

/* Begin XCBuildConfiguration section */
		3DBC30C42E042C72008D4D14 /* Debug */ = {
			isa = XCBuildConfiguration;
			buildSettings = {
				ALWAYS_SEARCH_USER_PATHS = NO;
				ASSETCATALOG_COMPILER_GENERATE_SWIFT_ASSET_SYMBOL_EXTENSIONS = YES;
				CLANG_ANALYZER_NONNULL = YES;
				CLANG_ANALYZER_NUMBER_OBJECT_CONVERSION = YES_AGGRESSIVE;
				CLANG_CXX_LANGUAGE_STANDARD = "gnu++20";
				CLANG_ENABLE_MODULES = YES;
				CLANG_ENABLE_OBJC_ARC = YES;
				CLANG_ENABLE_OBJC_WEAK = YES;
				CLANG_WARN_BLOCK_CAPTURE_AUTORELEASING = YES;
				CLANG_WARN_BOOL_CONVERSION = YES;
				CLANG_WARN_COMMA = YES;
				CLANG_WARN_CONSTANT_CONVERSION = YES;
				CLANG_WARN_DEPRECATED_OBJC_IMPLEMENTATIONS = YES;
				CLANG_WARN_DIRECT_OBJC_ISA_USAGE = YES_ERROR;
				CLANG_WARN_DOCUMENTATION_COMMENTS = YES;
				CLANG_WARN_EMPTY_BODY = YES;
				CLANG_WARN_ENUM_CONVERSION = YES;
				CLANG_WARN_INFINITE_RECURSION = YES;
				CLANG_WARN_INT_CONVERSION = YES;
				CLANG_WARN_NON_LITERAL_NULL_CONVERSION = YES;
				CLANG_WARN_OBJC_IMPLICIT_RETAIN_SELF = YES;
				CLANG_WARN_OBJC_LITERAL_CONVERSION = YES;
				CLANG_WARN_OBJC_ROOT_CLASS = YES_ERROR;
				CLANG_WARN_QUOTED_INCLUDE_IN_FRAMEWORK_HEADER = YES;
				CLANG_WARN_RANGE_LOOP_ANALYSIS = YES;
				CLANG_WARN_STRICT_PROTOTYPES = YES;
				CLANG_WARN_SUSPICIOUS_MOVE = YES;
				CLANG_WARN_UNGUARDED_AVAILABILITY = YES_AGGRESSIVE;
				CLANG_WARN_UNREACHABLE_CODE = YES;
				CLANG_WARN__DUPLICATE_METHOD_MATCH = YES;
				COPY_PHASE_STRIP = NO;
				DEBUG_INFORMATION_FORMAT = dwarf;
				ENABLE_STRICT_OBJC_MSGSEND = YES;
				ENABLE_TESTABILITY = YES;
				ENABLE_USER_SCRIPT_SANDBOXING = YES;
				GCC_C_LANGUAGE_STANDARD = gnu17;
				GCC_DYNAMIC_NO_PIC = NO;
				GCC_NO_COMMON_BLOCKS = YES;
				GCC_OPTIMIZATION_LEVEL = 0;
				GCC_PREPROCESSOR_DEFINITIONS = (
					"DEBUG=1",
					"$(inherited)",
				);
				GCC_WARN_64_TO_32_BIT_CONVERSION = YES;
				GCC_WARN_ABOUT_RETURN_TYPE = YES_ERROR;
				GCC_WARN_UNDECLARED_SELECTOR = YES;
				GCC_WARN_UNINITIALIZED_AUTOS = YES_AGGRESSIVE;
				GCC_WARN_UNUSED_FUNCTION = YES;
				GCC_WARN_UNUSED_VARIABLE = YES;
				LOCALIZATION_PREFERS_STRING_CATALOGS = YES;
				MACOSX_DEPLOYMENT_TARGET = 15.5;
				MTL_ENABLE_DEBUG_INFO = INCLUDE_SOURCE;
				MTL_FAST_MATH = YES;
				ONLY_ACTIVE_ARCH = YES;
				SDKROOT = macosx;
				SWIFT_ACTIVE_COMPILATION_CONDITIONS = "DEBUG $(inherited)";
				SWIFT_OPTIMIZATION_LEVEL = "-Onone";
			};
			name = Debug;
		};
		3DBC30C52E042C72008D4D14 /* Release */ = {
			isa = XCBuildConfiguration;
			buildSettings = {
				ALWAYS_SEARCH_USER_PATHS = NO;
				ASSETCATALOG_COMPILER_GENERATE_SWIFT_ASSET_SYMBOL_EXTENSIONS = YES;
				CLANG_ANALYZER_NONNULL = YES;
				CLANG_ANALYZER_NUMBER_OBJECT_CONVERSION = YES_AGGRESSIVE;
				CLANG_CXX_LANGUAGE_STANDARD = "gnu++20";
				CLANG_ENABLE_MODULES = YES;
				CLANG_ENABLE_OBJC_ARC = YES;
				CLANG_ENABLE_OBJC_WEAK = YES;
				CLANG_WARN_BLOCK_CAPTURE_AUTORELEASING = YES;
				CLANG_WARN_BOOL_CONVERSION = YES;
				CLANG_WARN_COMMA = YES;
				CLANG_WARN_CONSTANT_CONVERSION = YES;
				CLANG_WARN_DEPRECATED_OBJC_IMPLEMENTATIONS = YES;
				CLANG_WARN_DIRECT_OBJC_ISA_USAGE = YES_ERROR;
				CLANG_WARN_DOCUMENTATION_COMMENTS = YES;
				CLANG_WARN_EMPTY_BODY = YES;
				CLANG_WARN_ENUM_CONVERSION = YES;
				CLANG_WARN_INFINITE_RECURSION = YES;
				CLANG_WARN_INT_CONVERSION = YES;
				CLANG_WARN_NON_LITERAL_NULL_CONVERSION = YES;
				CLANG_WARN_OBJC_IMPLICIT_RETAIN_SELF = YES;
				CLANG_WARN_OBJC_LITERAL_CONVERSION = YES;
				CLANG_WARN_OBJC_ROOT_CLASS = YES_ERROR;
				CLANG_WARN_QUOTED_INCLUDE_IN_FRAMEWORK_HEADER = YES;
				CLANG_WARN_RANGE_LOOP_ANALYSIS = YES;
				CLANG_WARN_STRICT_PROTOTYPES = YES;
				CLANG_WARN_SUSPICIOUS_MOVE = YES;
				CLANG_WARN_UNGUARDED_AVAILABILITY = YES_AGGRESSIVE;
				CLANG_WARN_UNREACHABLE_CODE = YES;
				CLANG_WARN__DUPLICATE_METHOD_MATCH = YES;
				COPY_PHASE_STRIP = NO;
				DEBUG_INFORMATION_FORMAT = "dwarf-with-dsym";
				ENABLE_NS_ASSERTIONS = NO;
				ENABLE_STRICT_OBJC_MSGSEND = YES;
				ENABLE_USER_SCRIPT_SANDBOXING = YES;
				GCC_C_LANGUAGE_STANDARD = gnu17;
				GCC_NO_COMMON_BLOCKS = YES;
				GCC_WARN_64_TO_32_BIT_CONVERSION = YES;
				GCC_WARN_ABOUT_RETURN_TYPE = YES_ERROR;
				GCC_WARN_UNDECLARED_SELECTOR = YES;
				GCC_WARN_UNINITIALIZED_AUTOS = YES_AGGRESSIVE;
				GCC_WARN_UNUSED_FUNCTION = YES;
				GCC_WARN_UNUSED_VARIABLE = YES;
				LOCALIZATION_PREFERS_STRING_CATALOGS = YES;
				MACOSX_DEPLOYMENT_TARGET = 15.5;
				MTL_ENABLE_DEBUG_INFO = NO;
				MTL_FAST_MATH = YES;
				SDKROOT = macosx;
				SWIFT_COMPILATION_MODE = wholemodule;
			};
			name = Release;
		};
		3DBC30C72E042C72008D4D14 /* Debug */ = {
			isa = XCBuildConfiguration;
			buildSettings = {
				ASSETCATALOG_COMPILER_APPICON_NAME = AppIcon;
				ASSETCATALOG_COMPILER_GLOBAL_ACCENT_COLOR_NAME = AccentColor;
				CODE_SIGN_ENTITLEMENTS = SampleRateMenuBar/SampleRateMenuBar.entitlements;
				CODE_SIGN_STYLE = Automatic;
				COMBINE_HIDPI_IMAGES = YES;
				CURRENT_PROJECT_VERSION = 1;
				ENABLE_PREVIEWS = YES;
				GENERATE_INFOPLIST_FILE = YES;
				INFOPLIST_KEY_NSHumanReadableCopyright = "";
				LD_RUNPATH_SEARCH_PATHS = (
					"$(inherited)",
					"@executable_path/../Frameworks",
				);
				MARKETING_VERSION = 1.0;
				PRODUCT_BUNDLE_IDENTIFIER = com.sifaralways.SampleRateMenuBar;
				PRODUCT_NAME = "$(TARGET_NAME)";
				REGISTER_APP_GROUPS = YES;
				SWIFT_EMIT_LOC_STRINGS = YES;
				SWIFT_VERSION = 5.0;
			};
			name = Debug;
		};
		3DBC30C82E042C72008D4D14 /* Release */ = {
			isa = XCBuildConfiguration;
			buildSettings = {
				ASSETCATALOG_COMPILER_APPICON_NAME = AppIcon;
				ASSETCATALOG_COMPILER_GLOBAL_ACCENT_COLOR_NAME = AccentColor;
				CODE_SIGN_ENTITLEMENTS = SampleRateMenuBar/SampleRateMenuBar.entitlements;
				CODE_SIGN_STYLE = Automatic;
				COMBINE_HIDPI_IMAGES = YES;
				CURRENT_PROJECT_VERSION = 1;
				ENABLE_PREVIEWS = YES;
				GENERATE_INFOPLIST_FILE = YES;
				INFOPLIST_KEY_NSHumanReadableCopyright = "";
				LD_RUNPATH_SEARCH_PATHS = (
					"$(inherited)",
					"@executable_path/../Frameworks",
				);
				MARKETING_VERSION = 1.0;
				PRODUCT_BUNDLE_IDENTIFIER = com.sifaralways.SampleRateMenuBar;
				PRODUCT_NAME = "$(TARGET_NAME)";
				REGISTER_APP_GROUPS = YES;
				SWIFT_EMIT_LOC_STRINGS = YES;
				SWIFT_VERSION = 5.0;
			};
			name = Release;
		};
		3DBC30CA2E042C72008D4D14 /* Debug */ = {
			isa = XCBuildConfiguration;
			buildSettings = {
				BUNDLE_LOADER = "$(TEST_HOST)";
				CODE_SIGN_STYLE = Automatic;
				CURRENT_PROJECT_VERSION = 1;
				GENERATE_INFOPLIST_FILE = YES;
				MACOSX_DEPLOYMENT_TARGET = 15.5;
				MARKETING_VERSION = 1.0;
				PRODUCT_BUNDLE_IDENTIFIER = com.sifaralways.SampleRateMenuBarTests;
				PRODUCT_NAME = "$(TARGET_NAME)";
				SWIFT_EMIT_LOC_STRINGS = NO;
				SWIFT_VERSION = 5.0;
				TEST_HOST = "$(BUILT_PRODUCTS_DIR)/SampleRateMenuBar.app/$(BUNDLE_EXECUTABLE_FOLDER_PATH)/SampleRateMenuBar";
			};
			name = Debug;
		};
		3DBC30CB2E042C72008D4D14 /* Release */ = {
			isa = XCBuildConfiguration;
			buildSettings = {
				BUNDLE_LOADER = "$(TEST_HOST)";
				CODE_SIGN_STYLE = Automatic;
				CURRENT_PROJECT_VERSION = 1;
				GENERATE_INFOPLIST_FILE = YES;
				MACOSX_DEPLOYMENT_TARGET = 15.5;
				MARKETING_VERSION = 1.0;
				PRODUCT_BUNDLE_IDENTIFIER = com.sifaralways.SampleRateMenuBarTests;
				PRODUCT_NAME = "$(TARGET_NAME)";
				SWIFT_EMIT_LOC_STRINGS = NO;
				SWIFT_VERSION = 5.0;
				TEST_HOST = "$(BUILT_PRODUCTS_DIR)/SampleRateMenuBar.app/$(BUNDLE_EXECUTABLE_FOLDER_PATH)/SampleRateMenuBar";
			};
			name = Release;
		};
		3DBC30CD2E042C72008D4D14 /* Debug */ = {
			isa = XCBuildConfiguration;
			buildSettings = {
				CODE_SIGN_STYLE = Automatic;
				CURRENT_PROJECT_VERSION = 1;
				GENERATE_INFOPLIST_FILE = YES;
				MARKETING_VERSION = 1.0;
				PRODUCT_BUNDLE_IDENTIFIER = com.sifaralways.SampleRateMenuBarUITests;
				PRODUCT_NAME = "$(TARGET_NAME)";
				SWIFT_EMIT_LOC_STRINGS = NO;
				SWIFT_VERSION = 5.0;
				TEST_TARGET_NAME = SampleRateMenuBar;
			};
			name = Debug;
		};
		3DBC30CE2E042C72008D4D14 /* Release */ = {
			isa = XCBuildConfiguration;
			buildSettings = {
				CODE_SIGN_STYLE = Automatic;
				CURRENT_PROJECT_VERSION = 1;
				GENERATE_INFOPLIST_FILE = YES;
				MARKETING_VERSION = 1.0;
				PRODUCT_BUNDLE_IDENTIFIER = com.sifaralways.SampleRateMenuBarUITests;
				PRODUCT_NAME = "$(TARGET_NAME)";
				SWIFT_EMIT_LOC_STRINGS = NO;
				SWIFT_VERSION = 5.0;
				TEST_TARGET_NAME = SampleRateMenuBar;
			};
			name = Release;
		};
/* End XCBuildConfiguration section */

/* Begin XCConfigurationList section */
		3DBC309F2E042C71008D4D14 /* Build configuration list for PBXProject "SampleRateMenuBar" */ = {
			isa = XCConfigurationList;
			buildConfigurations = (
				3DBC30C42E042C72008D4D14 /* Debug */,
				3DBC30C52E042C72008D4D14 /* Release */,
			);
			defaultConfigurationIsVisible = 0;
			defaultConfigurationName = Release;
		};
		3DBC30C62E042C72008D4D14 /* Build configuration list for PBXNativeTarget "SampleRateMenuBar" */ = {
			isa = XCConfigurationList;
			buildConfigurations = (
				3DBC30C72E042C72008D4D14 /* Debug */,
				3DBC30C82E042C72008D4D14 /* Release */,
			);
			defaultConfigurationIsVisible = 0;
			defaultConfigurationName = Release;
		};
		3DBC30C92E042C72008D4D14 /* Build configuration list for PBXNativeTarget "SampleRateMenuBarTests" */ = {
			isa = XCConfigurationList;
			buildConfigurations = (
				3DBC30CA2E042C72008D4D14 /* Debug */,
				3DBC30CB2E042C72008D4D14 /* Release */,
			);
			defaultConfigurationIsVisible = 0;
			defaultConfigurationName = Release;
		};
		3DBC30CC2E042C72008D4D14 /* Build configuration list for PBXNativeTarget "SampleRateMenuBarUITests" */ = {
			isa = XCConfigurationList;
			buildConfigurations = (
				3DBC30CD2E042C72008D4D14 /* Debug */,
				3DBC30CE2E042C72008D4D14 /* Release */,
			);
			defaultConfigurationIsVisible = 0;
			defaultConfigurationName = Release;
		};
/* End XCConfigurationList section */
	};
	rootObject = 3DBC309C2E042C71008D4D14 /* Project object */;
}
